
Microsoft Visual Studio Solution File, Format Version 12.00
# Visual Studio Version 17
VisualStudioVersion = 17.0.31903.59
MinimumVisualStudioVersion = 10.0.40219.1
Project("{2150E333-8FDC-42A3-9474-1A3956D46DE8}") = "src", "src", "{E37B41A4-E86A-4194-A288-19006B408576}"
EndProject
Project("{FAE04EC0-301F-11D3-BF4B-00C04F79EFBC}") = "App", "src\App\App.csproj", "{E773E4CA-9F95-45EB-8BE2-B426CDFFAA62}"
EndProject
Project("{FAE04EC0-301F-11D3-BF4B-00C04F79EFBC}") = "Core", "src\Core\Core.csproj", "{FEE0B40C-2B17-4EF5-95A6-037392760AD2}"
EndProject
Project("{2150E333-8FDC-42A3-9474-1A3956D46DE8}") = "Modules", "Modules", "{74ADEF97-F790-4A0B-87AD-641D6AF903F6}"
EndProject
Project("{2150E333-8FDC-42A3-9474-1A3956D46DE8}") = "Auth", "Auth", "{CE0606D4-8103-4141-A1F9-8DE9B79F9C0E}"
EndProject
Project("{FAE04EC0-301F-11D3-BF4B-00C04F79EFBC}") = "Auth.Application", "src\Modules\Auth\Auth.Application\Auth.Application.csproj", "{A5772125-BA7B-4956-98A7-3C6F80FDE577}"
EndProject
Project("{FAE04EC0-301F-11D3-BF4B-00C04F79EFBC}") = "Auth.Domain", "src\Modules\Auth\Auth.Domain\Auth.Domain.csproj", "{438D974C-E1C2-4584-B2F4-C094B88C0D49}"
EndProject
Project("{FAE04EC0-301F-11D3-BF4B-00C04F79EFBC}") = "Auth.Infrastructure", "src\Modules\Auth\Auth.Infrastructure\Auth.Infrastructure.csproj", "{4A49A805-C86D-4B7C-9A4C-DC18B274B80E}"
EndProject
Project("{FAE04EC0-301F-11D3-BF4B-00C04F79EFBC}") = "Auth.Api", "src\Modules\Auth\Auth.Api\Auth.Api.csproj", "{09BD2982-4528-422D-AA96-61EB282E6A62}"
EndProject
Project("{2150E333-8FDC-42A3-9474-1A3956D46DE8}") = "tests", "tests", "{0AB3BF05-4346-4AA6-1389-037BE0695223}"
EndProject
Project("{2150E333-8FDC-42A3-9474-1A3956D46DE8}") = "Modules", "Modules", "{D7DC9B74-6BC4-2470-2038-1E57C2DCB73B}"
EndProject
Project("{2150E333-8FDC-42A3-9474-1A3956D46DE8}") = "Auth", "Auth", "{697947E3-9071-154F-A25E-E4697D7605A4}"
EndProject
Project("{FAE04EC0-301F-11D3-BF4B-00C04F79EFBC}") = "Auth.Domain.Tests", "tests\Modules\Auth\Auth.Domain.Tests\Auth.Domain.Tests.csproj", "{E4C7F9ED-A2A3-4318-B527-F213203EF205}"
EndProject
Project("{FAE04EC0-301F-11D3-BF4B-00C04F79EFBC}") = "Auth.Application.Tests", "tests\Modules\Auth\Auth.Application.Tests\Auth.Application.Tests.csproj", "{9CD8049C-FEE7-41C9-9534-302FDD9BBE2D}"
EndProject
Project("{FAE04EC0-301F-11D3-BF4B-00C04F79EFBC}") = "Auth.Api.Tests", "tests\Modules\Auth\Auth.Api.Tests\Auth.Api.Tests.csproj", "{87DB6B65-F7E6-4371-B901-CCB6D6CB66FE}"
EndProject
Project("{FAE04EC0-301F-11D3-BF4B-00C04F79EFBC}") = "TestsCommon", "tests\TestsCommon\TestsCommon.csproj", "{74A2A911-2768-4189-8730-07C1D5B39409}"
EndProject
Global
	GlobalSection(SolutionConfigurationPlatforms) = preSolution
		Debug|Any CPU = Debug|Any CPU
		Debug|x64 = Debug|x64
		Debug|x86 = Debug|x86
		Release|Any CPU = Release|Any CPU
		Release|x64 = Release|x64
		Release|x86 = Release|x86
	EndGlobalSection
	GlobalSection(ProjectConfigurationPlatforms) = postSolution
		{E773E4CA-9F95-45EB-8BE2-B426CDFFAA62}.Debug|Any CPU.ActiveCfg = Debug|Any CPU
		{E773E4CA-9F95-45EB-8BE2-B426CDFFAA62}.Debug|Any CPU.Build.0 = Debug|Any CPU
		{E773E4CA-9F95-45EB-8BE2-B426CDFFAA62}.Debug|x64.ActiveCfg = Debug|Any CPU
		{E773E4CA-9F95-45EB-8BE2-B426CDFFAA62}.Debug|x64.Build.0 = Debug|Any CPU
		{E773E4CA-9F95-45EB-8BE2-B426CDFFAA62}.Debug|x86.ActiveCfg = Debug|Any CPU
		{E773E4CA-9F95-45EB-8BE2-B426CDFFAA62}.Debug|x86.Build.0 = Debug|Any CPU
		{E773E4CA-9F95-45EB-8BE2-B426CDFFAA62}.Release|Any CPU.ActiveCfg = Release|Any CPU
		{E773E4CA-9F95-45EB-8BE2-B426CDFFAA62}.Release|Any CPU.Build.0 = Release|Any CPU
		{E773E4CA-9F95-45EB-8BE2-B426CDFFAA62}.Release|x64.ActiveCfg = Release|Any CPU
		{E773E4CA-9F95-45EB-8BE2-B426CDFFAA62}.Release|x64.Build.0 = Release|Any CPU
		{E773E4CA-9F95-45EB-8BE2-B426CDFFAA62}.Release|x86.ActiveCfg = Release|Any CPU
		{E773E4CA-9F95-45EB-8BE2-B426CDFFAA62}.Release|x86.Build.0 = Release|Any CPU
		{FEE0B40C-2B17-4EF5-95A6-037392760AD2}.Debug|Any CPU.ActiveCfg = Debug|Any CPU
		{FEE0B40C-2B17-4EF5-95A6-037392760AD2}.Debug|Any CPU.Build.0 = Debug|Any CPU
		{FEE0B40C-2B17-4EF5-95A6-037392760AD2}.Debug|x64.ActiveCfg = Debug|Any CPU
		{FEE0B40C-2B17-4EF5-95A6-037392760AD2}.Debug|x64.Build.0 = Debug|Any CPU
		{FEE0B40C-2B17-4EF5-95A6-037392760AD2}.Debug|x86.ActiveCfg = Debug|Any CPU
		{FEE0B40C-2B17-4EF5-95A6-037392760AD2}.Debug|x86.Build.0 = Debug|Any CPU
		{FEE0B40C-2B17-4EF5-95A6-037392760AD2}.Release|Any CPU.ActiveCfg = Release|Any CPU
		{FEE0B40C-2B17-4EF5-95A6-037392760AD2}.Release|Any CPU.Build.0 = Release|Any CPU
		{FEE0B40C-2B17-4EF5-95A6-037392760AD2}.Release|x64.ActiveCfg = Release|Any CPU
		{FEE0B40C-2B17-4EF5-95A6-037392760AD2}.Release|x64.Build.0 = Release|Any CPU
		{FEE0B40C-2B17-4EF5-95A6-037392760AD2}.Release|x86.ActiveCfg = Release|Any CPU
		{FEE0B40C-2B17-4EF5-95A6-037392760AD2}.Release|x86.Build.0 = Release|Any CPU
		{A5772125-BA7B-4956-98A7-3C6F80FDE577}.Debug|Any CPU.ActiveCfg = Debug|Any CPU
		{A5772125-BA7B-4956-98A7-3C6F80FDE577}.Debug|Any CPU.Build.0 = Debug|Any CPU
		{A5772125-BA7B-4956-98A7-3C6F80FDE577}.Debug|x64.ActiveCfg = Debug|Any CPU
		{A5772125-BA7B-4956-98A7-3C6F80FDE577}.Debug|x64.Build.0 = Debug|Any CPU
		{A5772125-BA7B-4956-98A7-3C6F80FDE577}.Debug|x86.ActiveCfg = Debug|Any CPU
		{A5772125-BA7B-4956-98A7-3C6F80FDE577}.Debug|x86.Build.0 = Debug|Any CPU
		{A5772125-BA7B-4956-98A7-3C6F80FDE577}.Release|Any CPU.ActiveCfg = Release|Any CPU
		{A5772125-BA7B-4956-98A7-3C6F80FDE577}.Release|Any CPU.Build.0 = Release|Any CPU
		{A5772125-BA7B-4956-98A7-3C6F80FDE577}.Release|x64.ActiveCfg = Release|Any CPU
		{A5772125-BA7B-4956-98A7-3C6F80FDE577}.Release|x64.Build.0 = Release|Any CPU
		{A5772125-BA7B-4956-98A7-3C6F80FDE577}.Release|x86.ActiveCfg = Release|Any CPU
		{A5772125-BA7B-4956-98A7-3C6F80FDE577}.Release|x86.Build.0 = Release|Any CPU
		{438D974C-E1C2-4584-B2F4-C094B88C0D49}.Debug|Any CPU.ActiveCfg = Debug|Any CPU
		{438D974C-E1C2-4584-B2F4-C094B88C0D49}.Debug|Any CPU.Build.0 = Debug|Any CPU
		{438D974C-E1C2-4584-B2F4-C094B88C0D49}.Debug|x64.ActiveCfg = Debug|Any CPU
		{438D974C-E1C2-4584-B2F4-C094B88C0D49}.Debug|x64.Build.0 = Debug|Any CPU
		{438D974C-E1C2-4584-B2F4-C094B88C0D49}.Debug|x86.ActiveCfg = Debug|Any CPU
		{438D974C-E1C2-4584-B2F4-C094B88C0D49}.Debug|x86.Build.0 = Debug|Any CPU
		{438D974C-E1C2-4584-B2F4-C094B88C0D49}.Release|Any CPU.ActiveCfg = Release|Any CPU
		{438D974C-E1C2-4584-B2F4-C094B88C0D49}.Release|Any CPU.Build.0 = Release|Any CPU
		{438D974C-E1C2-4584-B2F4-C094B88C0D49}.Release|x64.ActiveCfg = Release|Any CPU
		{438D974C-E1C2-4584-B2F4-C094B88C0D49}.Release|x64.Build.0 = Release|Any CPU
		{438D974C-E1C2-4584-B2F4-C094B88C0D49}.Release|x86.ActiveCfg = Release|Any CPU
		{438D974C-E1C2-4584-B2F4-C094B88C0D49}.Release|x86.Build.0 = Release|Any CPU
		{4A49A805-C86D-4B7C-9A4C-DC18B274B80E}.Debug|Any CPU.ActiveCfg = Debug|Any CPU
		{4A49A805-C86D-4B7C-9A4C-DC18B274B80E}.Debug|Any CPU.Build.0 = Debug|Any CPU
		{4A49A805-C86D-4B7C-9A4C-DC18B274B80E}.Debug|x64.ActiveCfg = Debug|Any CPU
		{4A49A805-C86D-4B7C-9A4C-DC18B274B80E}.Debug|x64.Build.0 = Debug|Any CPU
		{4A49A805-C86D-4B7C-9A4C-DC18B274B80E}.Debug|x86.ActiveCfg = Debug|Any CPU
		{4A49A805-C86D-4B7C-9A4C-DC18B274B80E}.Debug|x86.Build.0 = Debug|Any CPU
		{4A49A805-C86D-4B7C-9A4C-DC18B274B80E}.Release|Any CPU.ActiveCfg = Release|Any CPU
		{4A49A805-C86D-4B7C-9A4C-DC18B274B80E}.Release|Any CPU.Build.0 = Release|Any CPU
		{4A49A805-C86D-4B7C-9A4C-DC18B274B80E}.Release|x64.ActiveCfg = Release|Any CPU
		{4A49A805-C86D-4B7C-9A4C-DC18B274B80E}.Release|x64.Build.0 = Release|Any CPU
		{4A49A805-C86D-4B7C-9A4C-DC18B274B80E}.Release|x86.ActiveCfg = Release|Any CPU
		{4A49A805-C86D-4B7C-9A4C-DC18B274B80E}.Release|x86.Build.0 = Release|Any CPU
		{09BD2982-4528-422D-AA96-61EB282E6A62}.Debug|Any CPU.ActiveCfg = Debug|Any CPU
		{09BD2982-4528-422D-AA96-61EB282E6A62}.Debug|Any CPU.Build.0 = Debug|Any CPU
		{09BD2982-4528-422D-AA96-61EB282E6A62}.Debug|x64.ActiveCfg = Debug|Any CPU
		{09BD2982-4528-422D-AA96-61EB282E6A62}.Debug|x64.Build.0 = Debug|Any CPU
		{09BD2982-4528-422D-AA96-61EB282E6A62}.Debug|x86.ActiveCfg = Debug|Any CPU
		{09BD2982-4528-422D-AA96-61EB282E6A62}.Debug|x86.Build.0 = Debug|Any CPU
		{09BD2982-4528-422D-AA96-61EB282E6A62}.Release|Any CPU.ActiveCfg = Release|Any CPU
		{09BD2982-4528-422D-AA96-61EB282E6A62}.Release|Any CPU.Build.0 = Release|Any CPU
		{09BD2982-4528-422D-AA96-61EB282E6A62}.Release|x64.ActiveCfg = Release|Any CPU
		{09BD2982-4528-422D-AA96-61EB282E6A62}.Release|x64.Build.0 = Release|Any CPU
		{09BD2982-4528-422D-AA96-61EB282E6A62}.Release|x86.ActiveCfg = Release|Any CPU
		{09BD2982-4528-422D-AA96-61EB282E6A62}.Release|x86.Build.0 = Release|Any CPU
		{E4C7F9ED-A2A3-4318-B527-F213203EF205}.Debug|Any CPU.ActiveCfg = Debug|Any CPU
		{E4C7F9ED-A2A3-4318-B527-F213203EF205}.Debug|Any CPU.Build.0 = Debug|Any CPU
		{E4C7F9ED-A2A3-4318-B527-F213203EF205}.Debug|x64.ActiveCfg = Debug|Any CPU
		{E4C7F9ED-A2A3-4318-B527-F213203EF205}.Debug|x64.Build.0 = Debug|Any CPU
		{E4C7F9ED-A2A3-4318-B527-F213203EF205}.Debug|x86.ActiveCfg = Debug|Any CPU
		{E4C7F9ED-A2A3-4318-B527-F213203EF205}.Debug|x86.Build.0 = Debug|Any CPU
		{E4C7F9ED-A2A3-4318-B527-F213203EF205}.Release|Any CPU.ActiveCfg = Release|Any CPU
		{E4C7F9ED-A2A3-4318-B527-F213203EF205}.Release|Any CPU.Build.0 = Release|Any CPU
		{E4C7F9ED-A2A3-4318-B527-F213203EF205}.Release|x64.ActiveCfg = Release|Any CPU
		{E4C7F9ED-A2A3-4318-B527-F213203EF205}.Release|x64.Build.0 = Release|Any CPU
		{E4C7F9ED-A2A3-4318-B527-F213203EF205}.Release|x86.ActiveCfg = Release|Any CPU
		{E4C7F9ED-A2A3-4318-B527-F213203EF205}.Release|x86.Build.0 = Release|Any CPU
		{9CD8049C-FEE7-41C9-9534-302FDD9BBE2D}.Debug|Any CPU.ActiveCfg = Debug|Any CPU
		{9CD8049C-FEE7-41C9-9534-302FDD9BBE2D}.Debug|Any CPU.Build.0 = Debug|Any CPU
		{9CD8049C-FEE7-41C9-9534-302FDD9BBE2D}.Debug|x64.ActiveCfg = Debug|Any CPU
		{9CD8049C-FEE7-41C9-9534-302FDD9BBE2D}.Debug|x64.Build.0 = Debug|Any CPU
		{9CD8049C-FEE7-41C9-9534-302FDD9BBE2D}.Debug|x86.ActiveCfg = Debug|Any CPU
		{9CD8049C-FEE7-41C9-9534-302FDD9BBE2D}.Debug|x86.Build.0 = Debug|Any CPU
		{9CD8049C-FEE7-41C9-9534-302FDD9BBE2D}.Release|Any CPU.ActiveCfg = Release|Any CPU
		{9CD8049C-FEE7-41C9-9534-302FDD9BBE2D}.Release|Any CPU.Build.0 = Release|Any CPU
		{9CD8049C-FEE7-41C9-9534-302FDD9BBE2D}.Release|x64.ActiveCfg = Release|Any CPU
		{9CD8049C-FEE7-41C9-9534-302FDD9BBE2D}.Release|x64.Build.0 = Release|Any CPU
		{9CD8049C-FEE7-41C9-9534-302FDD9BBE2D}.Release|x86.ActiveCfg = Release|Any CPU
		{9CD8049C-FEE7-41C9-9534-302FDD9BBE2D}.Release|x86.Build.0 = Release|Any CPU
		{87DB6B65-F7E6-4371-B901-CCB6D6CB66FE}.Debug|Any CPU.ActiveCfg = Debug|Any CPU
		{87DB6B65-F7E6-4371-B901-CCB6D6CB66FE}.Debug|Any CPU.Build.0 = Debug|Any CPU
		{87DB6B65-F7E6-4371-B901-CCB6D6CB66FE}.Debug|x64.ActiveCfg = Debug|Any CPU
		{87DB6B65-F7E6-4371-B901-CCB6D6CB66FE}.Debug|x64.Build.0 = Debug|Any CPU
		{87DB6B65-F7E6-4371-B901-CCB6D6CB66FE}.Debug|x86.ActiveCfg = Debug|Any CPU
		{87DB6B65-F7E6-4371-B901-CCB6D6CB66FE}.Debug|x86.Build.0 = Debug|Any CPU
		{87DB6B65-F7E6-4371-B901-CCB6D6CB66FE}.Release|Any CPU.ActiveCfg = Release|Any CPU
		{87DB6B65-F7E6-4371-B901-CCB6D6CB66FE}.Release|Any CPU.Build.0 = Release|Any CPU
		{87DB6B65-F7E6-4371-B901-CCB6D6CB66FE}.Release|x64.ActiveCfg = Release|Any CPU
		{87DB6B65-F7E6-4371-B901-CCB6D6CB66FE}.Release|x64.Build.0 = Release|Any CPU
		{87DB6B65-F7E6-4371-B901-CCB6D6CB66FE}.Release|x86.ActiveCfg = Release|Any CPU
		{87DB6B65-F7E6-4371-B901-CCB6D6CB66FE}.Release|x86.Build.0 = Release|Any CPU
		{74A2A911-2768-4189-8730-07C1D5B39409}.Debug|Any CPU.ActiveCfg = Debug|Any CPU
		{74A2A911-2768-4189-8730-07C1D5B39409}.Debug|Any CPU.Build.0 = Debug|Any CPU
		{74A2A911-2768-4189-8730-07C1D5B39409}.Debug|x64.ActiveCfg = Debug|Any CPU
		{74A2A911-2768-4189-8730-07C1D5B39409}.Debug|x64.Build.0 = Debug|Any CPU
		{74A2A911-2768-4189-8730-07C1D5B39409}.Debug|x86.ActiveCfg = Debug|Any CPU
		{74A2A911-2768-4189-8730-07C1D5B39409}.Debug|x86.Build.0 = Debug|Any CPU
		{74A2A911-2768-4189-8730-07C1D5B39409}.Release|Any CPU.ActiveCfg = Release|Any CPU
		{74A2A911-2768-4189-8730-07C1D5B39409}.Release|Any CPU.Build.0 = Release|Any CPU
		{74A2A911-2768-4189-8730-07C1D5B39409}.Release|x64.ActiveCfg = Release|Any CPU
		{74A2A911-2768-4189-8730-07C1D5B39409}.Release|x64.Build.0 = Release|Any CPU
		{74A2A911-2768-4189-8730-07C1D5B39409}.Release|x86.ActiveCfg = Release|Any CPU
		{74A2A911-2768-4189-8730-07C1D5B39409}.Release|x86.Build.0 = Release|Any CPU
	EndGlobalSection
	GlobalSection(SolutionProperties) = preSolution
		HideSolutionNode = FALSE
	EndGlobalSection
	GlobalSection(NestedProjects) = preSolution
		{E773E4CA-9F95-45EB-8BE2-B426CDFFAA62} = {E37B41A4-E86A-4194-A288-19006B408576}
		{FEE0B40C-2B17-4EF5-95A6-037392760AD2} = {E37B41A4-E86A-4194-A288-19006B408576}
		{74ADEF97-F790-4A0B-87AD-641D6AF903F6} = {E37B41A4-E86A-4194-A288-19006B408576}
		{CE0606D4-8103-4141-A1F9-8DE9B79F9C0E} = {74ADEF97-F790-4A0B-87AD-641D6AF903F6}
		{A5772125-BA7B-4956-98A7-3C6F80FDE577} = {CE0606D4-8103-4141-A1F9-8DE9B79F9C0E}
		{438D974C-E1C2-4584-B2F4-C094B88C0D49} = {CE0606D4-8103-4141-A1F9-8DE9B79F9C0E}
		{4A49A805-C86D-4B7C-9A4C-DC18B274B80E} = {CE0606D4-8103-4141-A1F9-8DE9B79F9C0E}
		{09BD2982-4528-422D-AA96-61EB282E6A62} = {CE0606D4-8103-4141-A1F9-8DE9B79F9C0E}
		{D7DC9B74-6BC4-2470-2038-1E57C2DCB73B} = {0AB3BF05-4346-4AA6-1389-037BE0695223}
		{697947E3-9071-154F-A25E-E4697D7605A4} = {D7DC9B74-6BC4-2470-2038-1E57C2DCB73B}
		{E4C7F9ED-A2A3-4318-B527-F213203EF205} = {697947E3-9071-154F-A25E-E4697D7605A4}
		{9CD8049C-FEE7-41C9-9534-302FDD9BBE2D} = {697947E3-9071-154F-A25E-E4697D7605A4}
		{87DB6B65-F7E6-4371-B901-CCB6D6CB66FE} = {697947E3-9071-154F-A25E-E4697D7605A4}
		{74A2A911-2768-4189-8730-07C1D5B39409} = {0AB3BF05-4346-4AA6-1389-037BE0695223}
	EndGlobalSection
EndGlobal
